// !$*UTF8*$!
{
	archiveVersion = 1;
	classes = {
	};
	objectVersion = 46;
	objects = {

/* Begin PBXBuildFile section */
		6CB312141B68E35000B49DA5 /* main.m in Sources */ = {isa = PBXBuildFile; fileRef = 6CB312131B68E35000B49DA5 /* main.m */; };
		6CB312171B68E35000B49DA5 /* AppDelegate.m in Sources */ = {isa = PBXBuildFile; fileRef = 6CB312161B68E35000B49DA5 /* AppDelegate.m */; };
		6CB3121A1B68E35000B49DA5 /* ViewController.m in Sources */ = {isa = PBXBuildFile; fileRef = 6CB312191B68E35000B49DA5 /* ViewController.m */; };
		6CB3121D1B68E35000B49DA5 /* Main.storyboard in Resources */ = {isa = PBXBuildFile; fileRef = 6CB3121B1B68E35000B49DA5 /* Main.storyboard */; };
		6CB3121F1B68E35000B49DA5 /* Images.xcassets in Resources */ = {isa = PBXBuildFile; fileRef = 6CB3121E1B68E35000B49DA5 /* Images.xcassets */; };
		6CB312221B68E35000B49DA5 /* LaunchScreen.xib in Resources */ = {isa = PBXBuildFile; fileRef = 6CB312201B68E35000B49DA5 /* LaunchScreen.xib */; };
		6CB3122E1B68E35000B49DA5 /* HotelTests.m in Sources */ = {isa = PBXBuildFile; fileRef = 6CB3122D1B68E35000B49DA5 /* HotelTests.m */; };
		86402E9E0CDF8DA8BCAD6DB8 /* libPods.a in Frameworks */ = {isa = PBXBuildFile; fileRef = 3D4BA6557A94FA7A28CF7291 /* libPods.a */; };
/* End PBXBuildFile section */

/* Begin PBXContainerItemProxy section */
		6CB312281B68E35000B49DA5 /* PBXContainerItemProxy */ = {
			isa = PBXContainerItemProxy;
			containerPortal = 6CB312061B68E35000B49DA5 /* Project object */;
			proxyType = 1;
			remoteGlobalIDString = 6CB3120D1B68E35000B49DA5;
			remoteInfo = Hotel;
		};
/* End PBXContainerItemProxy section */

/* Begin PBXFileReference section */
		3D4BA6557A94FA7A28CF7291 /* libPods.a */ = {isa = PBXFileReference; explicitFileType = archive.ar; includeInIndex = 0; path = libPods.a; sourceTree = BUILT_PRODUCTS_DIR; };
		54094F128A0B470F16085173 /* Pods.debug.xcconfig */ = {isa = PBXFileReference; includeInIndex = 1; lastKnownFileType = text.xcconfig; name = Pods.debug.xcconfig; path = "Pods/Target Support Files/Pods/Pods.debug.xcconfig"; sourceTree = "<group>"; };
		6CB3120E1B68E35000B49DA5 /* Hotel.app */ = {isa = PBXFileReference; explicitFileType = wrapper.application; includeInIndex = 0; path = Hotel.app; sourceTree = BUILT_PRODUCTS_DIR; };
		6CB312121B68E35000B49DA5 /* Info.plist */ = {isa = PBXFileReference; lastKnownFileType = text.plist.xml; path = Info.plist; sourceTree = "<group>"; };
		6CB312131B68E35000B49DA5 /* main.m */ = {isa = PBXFileReference; lastKnownFileType = sourcecode.c.objc; path = main.m; sourceTree = "<group>"; };
		6CB312151B68E35000B49DA5 /* AppDelegate.h */ = {isa = PBXFileReference; lastKnownFileType = sourcecode.c.h; path = AppDelegate.h; sourceTree = "<group>"; };
		6CB312161B68E35000B49DA5 /* AppDelegate.m */ = {isa = PBXFileReference; lastKnownFileType = sourcecode.c.objc; path = AppDelegate.m; sourceTree = "<group>"; };
		6CB312181B68E35000B49DA5 /* ViewController.h */ = {isa = PBXFileReference; lastKnownFileType = sourcecode.c.h; path = ViewController.h; sourceTree = "<group>"; };
		6CB312191B68E35000B49DA5 /* ViewController.m */ = {isa = PBXFileReference; lastKnownFileType = sourcecode.c.objc; path = ViewController.m; sourceTree = "<group>"; };
		6CB3121C1B68E35000B49DA5 /* Base */ = {isa = PBXFileReference; lastKnownFileType = file.storyboard; name = Base; path = Base.lproj/Main.storyboard; sourceTree = "<group>"; };
		6CB3121E1B68E35000B49DA5 /* Images.xcassets */ = {isa = PBXFileReference; lastKnownFileType = folder.assetcatalog; path = Images.xcassets; sourceTree = "<group>"; };
		6CB312211B68E35000B49DA5 /* Base */ = {isa = PBXFileReference; lastKnownFileType = file.xib; name = Base; path = Base.lproj/LaunchScreen.xib; sourceTree = "<group>"; };
		6CB312271B68E35000B49DA5 /* HotelTests.xctest */ = {isa = PBXFileReference; explicitFileType = wrapper.cfbundle; includeInIndex = 0; path = HotelTests.xctest; sourceTree = BUILT_PRODUCTS_DIR; };
		6CB3122C1B68E35000B49DA5 /* Info.plist */ = {isa = PBXFileReference; lastKnownFileType = text.plist.xml; path = Info.plist; sourceTree = "<group>"; };
		6CB3122D1B68E35000B49DA5 /* HotelTests.m */ = {isa = PBXFileReference; lastKnownFileType = sourcecode.c.objc; path = HotelTests.m; sourceTree = "<group>"; };
		9E7189D3F2B6423BDFE9D5FA /* Pods.release.xcconfig */ = {isa = PBXFileReference; includeInIndex = 1; lastKnownFileType = text.xcconfig; name = Pods.release.xcconfig; path = "Pods/Target Support Files/Pods/Pods.release.xcconfig"; sourceTree = "<group>"; };
/* End PBXFileReference section */

/* Begin PBXFrameworksBuildPhase section */
		6CB3120B1B68E35000B49DA5 /* Frameworks */ = {
			isa = PBXFrameworksBuildPhase;
			buildActionMask = 2147483647;
			files = (
				86402E9E0CDF8DA8BCAD6DB8 /* libPods.a in Frameworks */,
			);
			runOnlyForDeploymentPostprocessing = 0;
		};
		6CB312241B68E35000B49DA5 /* Frameworks */ = {
			isa = PBXFrameworksBuildPhase;
			buildActionMask = 2147483647;
			files = (
			);
			runOnlyForDeploymentPostprocessing = 0;
		};
/* End PBXFrameworksBuildPhase section */

/* Begin PBXGroup section */
		04BF3A171ED1B628306BD5D4 /* Frameworks */ = {
			isa = PBXGroup;
			children = (
				3D4BA6557A94FA7A28CF7291 /* libPods.a */,
			);
			name = Frameworks;
			sourceTree = "<group>";
		};
		492C646202BBD051AAE99D6C /* Pods */ = {
			isa = PBXGroup;
			children = (
				54094F128A0B470F16085173 /* Pods.debug.xcconfig */,
				9E7189D3F2B6423BDFE9D5FA /* Pods.release.xcconfig */,
			);
			name = Pods;
			sourceTree = "<group>";
		};
		6CB312051B68E35000B49DA5 = {
			isa = PBXGroup;
			children = (
				6CB312101B68E35000B49DA5 /* Hotel */,
				6CB3122A1B68E35000B49DA5 /* HotelTests */,
				6CB3120F1B68E35000B49DA5 /* Products */,
				492C646202BBD051AAE99D6C /* Pods */,
				04BF3A171ED1B628306BD5D4 /* Frameworks */,
			);
			sourceTree = "<group>";
		};
		6CB3120F1B68E35000B49DA5 /* Products */ = {
			isa = PBXGroup;
			children = (
				6CB3120E1B68E35000B49DA5 /* Hotel.app */,
				6CB312271B68E35000B49DA5 /* HotelTests.xctest */,
			);
			name = Products;
			sourceTree = "<group>";
		};
		6CB312101B68E35000B49DA5 /* Hotel */ = {
			isa = PBXGroup;
			children = (
				6CB312181B68E35000B49DA5 /* ViewController.h */,
				6CB312191B68E35000B49DA5 /* ViewController.m */,
				6CB3121B1B68E35000B49DA5 /* Main.storyboard */,
				6CB312111B68E35000B49DA5 /* Supporting Files */,
			);
			path = Hotel;
			sourceTree = "<group>";
		};
		6CB312111B68E35000B49DA5 /* Supporting Files */ = {
			isa = PBXGroup;
			children = (
				6CB312151B68E35000B49DA5 /* AppDelegate.h */,
				6CB312161B68E35000B49DA5 /* AppDelegate.m */,
				6CB312121B68E35000B49DA5 /* Info.plist */,
				6CB312201B68E35000B49DA5 /* LaunchScreen.xib */,
				6CB3121E1B68E35000B49DA5 /* Images.xcassets */,
				6CB312131B68E35000B49DA5 /* main.m */,
			);
			name = "Supporting Files";
			sourceTree = "<group>";
		};
		6CB3122A1B68E35000B49DA5 /* HotelTests */ = {
			isa = PBXGroup;
			children = (
				6CB3122D1B68E35000B49DA5 /* HotelTests.m */,
				6CB3122B1B68E35000B49DA5 /* Supporting Files */,
			);
			path = HotelTests;
			sourceTree = "<group>";
		};
		6CB3122B1B68E35000B49DA5 /* Supporting Files */ = {
			isa = PBXGroup;
			children = (
				6CB3122C1B68E35000B49DA5 /* Info.plist */,
			);
			name = "Supporting Files";
			sourceTree = "<group>";
		};
/* End PBXGroup section */

/* Begin PBXNativeTarget section */
		6CB3120D1B68E35000B49DA5 /* Hotel */ = {
			isa = PBXNativeTarget;
			buildConfigurationList = 6CB312311B68E35000B49DA5 /* Build configuration list for PBXNativeTarget "Hotel" */;
			buildPhases = (
				59F1421D11FE4A8124AF3E8A /* Check Pods Manifest.lock */,
				6CB3120A1B68E35000B49DA5 /* Sources */,
				6CB3120B1B68E35000B49DA5 /* Frameworks */,
				6CB3120C1B68E35000B49DA5 /* Resources */,
				A92652D7F527450B82CC4A80 /* Copy Pods Resources */,
			);
			buildRules = (
			);
			dependencies = (
			);
			name = Hotel;
			productName = Hotel;
			productReference = 6CB3120E1B68E35000B49DA5 /* Hotel.app */;
			productType = "com.apple.product-type.application";
		};
		6CB312261B68E35000B49DA5 /* HotelTests */ = {
			isa = PBXNativeTarget;
			buildConfigurationList = 6CB312341B68E35000B49DA5 /* Build configuration list for PBXNativeTarget "HotelTests" */;
			buildPhases = (
				6CB312231B68E35000B49DA5 /* Sources */,
				6CB312241B68E35000B49DA5 /* Frameworks */,
				6CB312251B68E35000B49DA5 /* Resources */,
			);
			buildRules = (
			);
			dependencies = (
				6CB312291B68E35000B49DA5 /* PBXTargetDependency */,
			);
			name = HotelTests;
			productName = HotelTests;
			productReference = 6CB312271B68E35000B49DA5 /* HotelTests.xctest */;
			productType = "com.apple.product-type.bundle.unit-test";
		};
/* End PBXNativeTarget section */

/* Begin PBXProject section */
		6CB312061B68E35000B49DA5 /* Project object */ = {
			isa = PBXProject;
			attributes = {
				LastUpgradeCheck = 0630;
				ORGANIZATIONNAME = MD;
				TargetAttributes = {
					6CB3120D1B68E35000B49DA5 = {
						CreatedOnToolsVersion = 6.3.2;
					};
					6CB312261B68E35000B49DA5 = {
						CreatedOnToolsVersion = 6.3.2;
						TestTargetID = 6CB3120D1B68E35000B49DA5;
					};
				};
			};
			buildConfigurationList = 6CB312091B68E35000B49DA5 /* Build configuration list for PBXProject "Hotel" */;
			compatibilityVersion = "Xcode 3.2";
			developmentRegion = English;
			hasScannedForEncodings = 0;
			knownRegions = (
				en,
				Base,
			);
			mainGroup = 6CB312051B68E35000B49DA5;
			productRefGroup = 6CB3120F1B68E35000B49DA5 /* Products */;
			projectDirPath = "";
			projectRoot = "";
			targets = (
				6CB3120D1B68E35000B49DA5 /* Hotel */,
				6CB312261B68E35000B49DA5 /* HotelTests */,
			);
		};
/* End PBXProject section */

/* Begin PBXResourcesBuildPhase section */
		6CB3120C1B68E35000B49DA5 /* Resources */ = {
			isa = PBXResourcesBuildPhase;
			buildActionMask = 2147483647;
			files = (
				6CB3121D1B68E35000B49DA5 /* Main.storyboard in Resources */,
				6CB312221B68E35000B49DA5 /* LaunchScreen.xib in Resources */,
				6CB3121F1B68E35000B49DA5 /* Images.xcassets in Resources */,
			);
			runOnlyForDeploymentPostprocessing = 0;
		};
		6CB312251B68E35000B49DA5 /* Resources */ = {
			isa = PBXResourcesBuildPhase;
			buildActionMask = 2147483647;
			files = (
			);
			runOnlyForDeploymentPostprocessing = 0;
		};
/* End PBXResourcesBuildPhase section */

/* Begin PBXShellScriptBuildPhase section */
		59F1421D11FE4A8124AF3E8A /* Check Pods Manifest.lock */ = {
			isa = PBXShellScriptBuildPhase;
			buildActionMask = 2147483647;
			files = (
			);
			inputPaths = (
			);
			name = "Check Pods Manifest.lock";
			outputPaths = (
			);
			runOnlyForDeploymentPostprocessing = 0;
			shellPath = /bin/sh;
			shellScript = "diff \"${PODS_ROOT}/../Podfile.lock\" \"${PODS_ROOT}/Manifest.lock\" > /dev/null\nif [[ $? != 0 ]] ; then\n    cat << EOM\nerror: The sandbox is not in sync with the Podfile.lock. Run 'pod install' or update your CocoaPods installation.\nEOM\n    exit 1\nfi\n";
			showEnvVarsInLog = 0;
		};
		A92652D7F527450B82CC4A80 /* Copy Pods Resources */ = {
			isa = PBXShellScriptBuildPhase;
			buildActionMask = 2147483647;
			files = (
			);
			inputPaths = (
			);
			name = "Copy Pods Resources";
			outputPaths = (
			);
			runOnlyForDeploymentPostprocessing = 0;
			shellPath = /bin/sh;
			shellScript = "\"${SRCROOT}/Pods/Target Support Files/Pods/Pods-resources.sh\"\n";
			showEnvVarsInLog = 0;
		};
/* End PBXShellScriptBuildPhase section */

/* Begin PBXSourcesBuildPhase section */
		6CB3120A1B68E35000B49DA5 /* Sources */ = {
			isa = PBXSourcesBuildPhase;
			buildActionMask = 2147483647;
			files = (
				6CB3121A1B68E35000B49DA5 /* ViewController.m in Sources */,
				6CB312171B68E35000B49DA5 /* AppDelegate.m in Sources */,
				6CB312141B68E35000B49DA5 /* main.m in Sources */,
			);
			runOnlyForDeploymentPostprocessing = 0;
		};
		6CB312231B68E35000B49DA5 /* Sources */ = {
			isa = PBXSourcesBuildPhase;
			buildActionMask = 2147483647;
			files = (
				6CB3122E1B68E35000B49DA5 /* HotelTests.m in Sources */,
			);
			runOnlyForDeploymentPostprocessing = 0;
		};
/* End PBXSourcesBuildPhase section */

/* Begin PBXTargetDependency section */
		6CB312291B68E35000B49DA5 /* PBXTargetDependency */ = {
			isa = PBXTargetDependency;
			target = 6CB3120D1B68E35000B49DA5 /* Hotel */;
			targetProxy = 6CB312281B68E35000B49DA5 /* PBXContainerItemProxy */;
		};
/* End PBXTargetDependency section */

/* Begin PBXVariantGroup section */
		6CB3121B1B68E35000B49DA5 /* Main.storyboard */ = {
			isa = PBXVariantGroup;
			children = (
				6CB3121C1B68E35000B49DA5 /* Base */,
			);
			name = Main.storyboard;
			sourceTree = "<group>";
		};
		6CB312201B68E35000B49DA5 /* LaunchScreen.xib */ = {
			isa = PBXVariantGroup;
			children = (
				6CB312211B68E35000B49DA5 /* Base */,
			);
			name = LaunchScreen.xib;
			sourceTree = "<group>";
		};
/* End PBXVariantGroup section */

/* Begin XCBuildConfiguration section */
		6CB3122F1B68E35000B49DA5 /* Debug */ = {
			isa = XCBuildConfiguration;
			buildSettings = {
				ALWAYS_SEARCH_USER_PATHS = NO;
				CLANG_CXX_LANGUAGE_STANDARD = "gnu++0x";
				CLANG_CXX_LIBRARY = "libc++";
				CLANG_ENABLE_MODULES = YES;
				CLANG_ENABLE_OBJC_ARC = YES;
				CLANG_WARN_BOOL_CONVERSION = YES;
				CLANG_WARN_CONSTANT_CONVERSION = YES;
				CLANG_WARN_DIRECT_OBJC_ISA_USAGE = YES_ERROR;
				CLANG_WARN_EMPTY_BODY = YES;
				CLANG_WARN_ENUM_CONVERSION = YES;
				CLANG_WARN_INT_CONVERSION = YES;
				CLANG_WARN_OBJC_ROOT_CLASS = YES_ERROR;
				CLANG_WARN_UNREACHABLE_CODE = YES;
				CLANG_WARN__DUPLICATE_METHOD_MATCH = YES;
				"CODE_SIGN_IDENTITY[sdk=iphoneos*]" = "iPhone Developer";
				COPY_PHASE_STRIP = NO;
				DEBUG_INFORMATION_FORMAT = "dwarf-with-dsym";
				ENABLE_STRICT_OBJC_MSGSEND = YES;
				GCC_C_LANGUAGE_STANDARD = gnu99;
				GCC_DYNAMIC_NO_PIC = NO;
				GCC_NO_COMMON_BLOCKS = YES;
				GCC_OPTIMIZATION_LEVEL = 0;
				GCC_PREPROCESSOR_DEFINITIONS = (
					"DEBUG=1",
					"$(inherited)",
				);
				GCC_SYMBOLS_PRIVATE_EXTERN = NO;
				GCC_WARN_64_TO_32_BIT_CONVERSION = YES;
				GCC_WARN_ABOUT_RETURN_TYPE = YES_ERROR;
				GCC_WARN_UNDECLARED_SELECTOR = YES;
				GCC_WARN_UNINITIALIZED_AUTOS = YES_AGGRESSIVE;
				GCC_WARN_UNUSED_FUNCTION = YES;
				GCC_WARN_UNUSED_VARIABLE = YES;
				IPHONEOS_DEPLOYMENT_TARGET = 8.3;
				MTL_ENABLE_DEBUG_INFO = YES;
				ONLY_ACTIVE_ARCH = YES;
				SDKROOT = iphoneos;
				TARGETED_DEVICE_FAMILY = "1,2";
			};
			name = Debug;
		};
		6CB312301B68E35000B49DA5 /* Release */ = {
			isa = XCBuildConfiguration;
			buildSettings = {
				ALWAYS_SEARCH_USER_PATHS = NO;
				CLANG_CXX_LANGUAGE_STANDARD = "gnu++0x";
				CLANG_CXX_LIBRARY = "libc++";
				CLANG_ENABLE_MODULES = YES;
				CLANG_ENABLE_OBJC_ARC = YES;
				CLANG_WARN_BOOL_CONVERSION = YES;
				CLANG_WARN_CONSTANT_CONVERSION = YES;
				CLANG_WARN_DIRECT_OBJC_ISA_USAGE = YES_ERROR;
				CLANG_WARN_EMPTY_BODY = YES;
				CLANG_WARN_ENUM_CONVERSION = YES;
				CLANG_WARN_INT_CONVERSION = YES;
				CLANG_WARN_OBJC_ROOT_CLASS = YES_ERROR;
				CLANG_WARN_UNREACHABLE_CODE = YES;
				CLANG_WARN__DUPLICATE_METHOD_MATCH = YES;
				"CODE_SIGN_IDENTITY[sdk=iphoneos*]" = "iPhone Developer";
				COPY_PHASE_STRIP = NO;
				DEBUG_INFORMATION_FORMAT = "dwarf-with-dsym";
				ENABLE_NS_ASSERTIONS = NO;
				ENABLE_STRICT_OBJC_MSGSEND = YES;
				GCC_C_LANGUAGE_STANDARD = gnu99;
				GCC_NO_COMMON_BLOCKS = YES;
				GCC_WARN_64_TO_32_BIT_CONVERSION = YES;
				GCC_WARN_ABOUT_RETURN_TYPE = YES_ERROR;
				GCC_WARN_UNDECLARED_SELECTOR = YES;
				GCC_WARN_UNINITIALIZED_AUTOS = YES_AGGRESSIVE;
				GCC_WARN_UNUSED_FUNCTION = YES;
				GCC_WARN_UNUSED_VARIABLE = YES;
				IPHONEOS_DEPLOYMENT_TARGET = 8.3;
				MTL_ENABLE_DEBUG_INFO = NO;
				SDKROOT = iphoneos;
				TARGETED_DEVICE_FAMILY = "1,2";
				VALIDATE_PRODUCT = YES;
			};
			name = Release;
		};
		6CB312321B68E35000B49DA5 /* Debug */ = {
			isa = XCBuildConfiguration;
			baseConfigurationReference = 54094F128A0B470F16085173 /* Pods.debug.xcconfig */;
			buildSettings = {
				ASSETCATALOG_COMPILER_APPICON_NAME = AppIcon;
				INFOPLIST_FILE = Hotel/Info.plist;
				LD_RUNPATH_SEARCH_PATHS = "$(inherited) @executable_path/Frameworks";
				PRODUCT_NAME = "$(TARGET_NAME)";
			};
			name = Debug;
		};
		6CB312331B68E35000B49DA5 /* Release */ = {
			isa = XCBuildConfiguration;
			baseConfigurationReference = 9E7189D3F2B6423BDFE9D5FA /* Pods.release.xcconfig */;
			buildSettings = {
				ASSETCATALOG_COMPILER_APPICON_NAME = AppIcon;
				INFOPLIST_FILE = Hotel/Info.plist;
				LD_RUNPATH_SEARCH_PATHS = "$(inherited) @executable_path/Frameworks";
				PRODUCT_NAME = "$(TARGET_NAME)";
			};
			name = Release;
		};
		6CB312351B68E35000B49DA5 /* Debug */ = {
			isa = XCBuildConfiguration;
			buildSettings = {
				BUNDLE_LOADER = "$(TEST_HOST)";
				FRAMEWORK_SEARCH_PATHS = (
					"$(SDKROOT)/Developer/Library/Frameworks",
					"$(inherited)",
				);
				GCC_PREPROCESSOR_DEFINITIONS = (
					"DEBUG=1",
					"$(inherited)",
				);
				INFOPLIST_FILE = HotelTests/Info.plist;
				LD_RUNPATH_SEARCH_PATHS = "$(inherited) @executable_path/Frameworks @loader_path/Frameworks";
				PRODUCT_NAME = "$(TARGET_NAME)";
				TEST_HOST = "$(BUILT_PRODUCTS_DIR)/Hotel.app/Hotel";
			};
			name = Debug;
		};
		6CB312361B68E35000B49DA5 /* Release */ = {
			isa = XCBuildConfiguration;
			buildSettings = {
				BUNDLE_LOADER = "$(TEST_HOST)";
				FRAMEWORK_SEARCH_PATHS = (
					"$(SDKROOT)/Developer/Library/Frameworks",
					"$(inherited)",
				);
				INFOPLIST_FILE = HotelTests/Info.plist;
				LD_RUNPATH_SEARCH_PATHS = "$(inherited) @executable_path/Frameworks @loader_path/Frameworks";
				PRODUCT_NAME = "$(TARGET_NAME)";
				TEST_HOST = "$(BUILT_PRODUCTS_DIR)/Hotel.app/Hotel";
			};
			name = Release;
		};
/* End XCBuildConfiguration section */

/* Begin XCConfigurationList section */
		6CB312091B68E35000B49DA5 /* Build configuration list for PBXProject "Hotel" */ = {
			isa = XCConfigurationList;
			buildConfigurations = (
				6CB3122F1B68E35000B49DA5 /* Debug */,
				6CB312301B68E35000B49DA5 /* Release */,
			);
			defaultConfigurationIsVisible = 0;
			defaultConfigurationName = Release;
		};
		6CB312311B68E35000B49DA5 /* Build configuration list for PBXNativeTarget "Hotel" */ = {
			isa = XCConfigurationList;
			buildConfigurations = (
				6CB312321B68E35000B49DA5 /* Debug */,
				6CB312331B68E35000B49DA5 /* Release */,
			);
			defaultConfigurationIsVisible = 0;
			defaultConfigurationName = Release;
		};
		6CB312341B68E35000B49DA5 /* Build configuration list for PBXNativeTarget "HotelTests" */ = {
			isa = XCConfigurationList;
			buildConfigurations = (
				6CB312351B68E35000B49DA5 /* Debug */,
				6CB312361B68E35000B49DA5 /* Release */,
			);
			defaultConfigurationIsVisible = 0;
			defaultConfigurationName = Release;
		};
/* End XCConfigurationList section */
	};
	rootObject = 6CB312061B68E35000B49DA5 /* Project object */;
}
